
Microsoft Visual Studio Solution File, Format Version 12.00
# Visual Studio Version 17
VisualStudioVersion = 17.3.32811.315
MinimumVisualStudioVersion = 10.0.40219.1
Project("{FAE04EC0-301F-11D3-BF4B-00C04F79EFBC}") = "Produtos", "Produtos.csproj", "{CE25BE7E-4DD4-446B-945C-C1CFD6BF1827}"
EndProject
Global
	GlobalSection(SolutionConfigurationPlatforms) = preSolution
		Debug|Any CPU = Debug|Any CPU
		Release|Any CPU = Release|Any CPU
	EndGlobalSection
	GlobalSection(ProjectConfigurationPlatforms) = postSolution
		{CE25BE7E-4DD4-446B-945C-C1CFD6BF1827}.Debug|Any CPU.ActiveCfg = Debug|Any CPU
		{CE25BE7E-4DD4-446B-945C-C1CFD6BF1827}.Debug|Any CPU.Build.0 = Debug|Any CPU
		{CE25BE7E-4DD4-446B-945C-C1CFD6BF1827}.Release|Any CPU.ActiveCfg = Release|Any CPU
		{CE25BE7E-4DD4-446B-945C-C1CFD6BF1827}.Release|Any CPU.Build.0 = Release|Any CPU
	EndGlobalSection
	GlobalSection(SolutionProperties) = preSolution
		HideSolutionNode = FALSE
	EndGlobalSection
	GlobalSection(ExtensibilityGlobals) = postSolution
		SolutionGuid = {4792F37B-BA8E-4998-A8E4-638B905C9A44}
	EndGlobalSection
EndGlobal
